#MicroXplorer Configuration settings - do not modify
Mcu.Family=STM32H7
RCC.DIVQ2Freq_Value=200000000
NVIC.OTG_HS_IRQn=true\:0\:0\:false\:false\:true\:true\:true
ProjectManager.MainLocation=Core/Src
AL94.I-CUBE-USBD-COMPOSITE.1.0.1.CompositeCcUSBJjCOMPOSITEJjMSCIiBOT=true
PH0-OSC_IN.Signal=RCC_OSC_IN
RCC.CDCPREFreq_Value=72000000
RCC.SAI1Freq_Value=48000000
RCC.CortexFreq_Value=72000000
ProjectManager.KeepUserCode=true
Mcu.UserName=STM32H7B3LIHxQ
AL94.I-CUBE-USBD-COMPOSITE.1.0.1.CompositeCcUSBJjCOMPOSITEJjUACIiMIC=true
PB10.Mode=Device_HS
AL94.I-CUBE-USBD-COMPOSITE.1.0.1._USBD_USE_UAC_SPKR=true
RCC.PLLFRACN=0
ProjectManager.functionlistsort=1-MX_GPIO_Init-GPIO-false-HAL-true,2-SystemClock_Config-RCC-false-HAL-false,3-MX_USB_OTG_HS_PCD_Init-USB_OTG_HS-false-HAL-true,4-MX_USART1_UART_Init-USART1-false-HAL-true,0-MX_CORTEX_M7_Init-CORTEX_M7-false-HAL-true
RCC.RTCFreq_Value=32768
RCC.PLL2FRACN=0
RCC.CpuClockFreq_Value=72000000
RCC.VCO2OutputFreq_Value=400000000
USART1.IPParameters=VirtualMode-Asynchronous
PB11.Signal=USB_OTG_HS_ULPI_D4
PB13.Signal=USB_OTG_HS_ULPI_D6
AL94.I-CUBE-USBD-COMPOSITE.1.0.1._USBD_USE_PRNTR=true
PinOutPanel.RotationAngle=0
USB_OTG_HS.VirtualMode-Device_HS=Device_HS
RCC.MCO1PinFreq_Value=24000000
RCC.SYSCLKSource=RCC_SYSCLKSOURCE_PLLCLK
ProjectManager.StackSize=0x400
RCC.AHB4Freq_Value=72000000
RCC.VCOInput3Freq_Value=1000000
AL94.I-CUBE-USBD-COMPOSITE.1.0.1._USBD_USE_MSC=true
RCC.SPI123CLockSelection=RCC_SPI123CLKSOURCE_CLKP
RCC.LPTIM1Freq_Value=72000000
Mcu.IP4=USART1
RCC.SAI2BFreq_Value=48000000
Mcu.IP5=USB_OTG_HS
NVIC.SVCall_IRQn=true\:0\:0\:false\:false\:true\:false\:false
Mcu.IP2=RCC
AL94.I-CUBE-USBD-COMPOSITE.1.0.1.CompositeCcUSBJjCOMPOSITEJjCore=true
Mcu.IP3=SYS
PI11.Mode=Device_HS
Mcu.IP0=CORTEX_M7
Mcu.IP1=NVIC
Mcu.UserConstants=
AL94.I-CUBE-USBD-COMPOSITE.1.0.1.CompositeCcUSBJjCOMPOSITEJjHIDIiKEYBOARD=true
RCC.DIVP3Freq_Value=11294117.647058824
RCC.SDMMCFreq_Value=100000000
Mcu.ThirdPartyNb=1
RCC.HCLKFreq_Value=72000000
RCC.I2C4Freq_Value=72000000
Mcu.IPNb=6
ProjectManager.PreviousToolchain=
PB6.Signal=USART1_TX
RCC.SPDIFRXFreq_Value=48000000
PB6.Mode=Asynchronous
RCC.DIVQ3Freq_Value=96000000
Mcu.Pin6=PH1-OSC_OUT
Mcu.Pin7=PC0
AL94.I-CUBE-USBD-COMPOSITE.1.0.1._USBD_USE_HS=true
Mcu.Pin8=PB1
Mcu.Pin9=PH4
PH0-OSC_IN.Mode=HSE-External-Oscillator
Mcu.Pin0=PB6
Mcu.Pin1=PB7
GPIO.groupedBy=Group By Peripherals
Mcu.Pin2=PB5
Mcu.Pin3=PI11
AL94.I-CUBE-USBD-COMPOSITE.1.0.1.USBJjComposite_Checked=true
Mcu.Pin4=PA8
Mcu.Pin5=PH0-OSC_IN
ProjectManager.ProjectBuild=false
RCC.DIVR3Freq_Value=96000000
NVIC.UsageFault_IRQn=true\:0\:0\:false\:false\:true\:false\:false
NVIC.DebugMonitor_IRQn=true\:0\:0\:false\:false\:true\:false\:false
VP_AL94.I-CUBE-USBD-COMPOSITE_VS_USBJjComposite_1.0.0_1.0.1.Mode=USBJjComposite
RCC.DIVM3=24
RCC.DIVM2=12
NVIC.SysTick_IRQn=true\:0\:0\:false\:false\:true\:false\:true
RCC.DIVM1=2
RCC.RTCClockSelection=RCC_RTCCLKSOURCE_LSE
RCC.RCC_MCO1Source=RCC_MCO1SOURCE_HSE
RCC.DFSDM2Freq_Value=72000000
ProjectManager.FirmwarePackage=STM32Cube FW_H7 V1.9.0
MxDb.Version=DB.6.0.21
Mcu.ThirdParty0=AL94.I-CUBE-USBD-COMPOSITE.1.0.1
RCC.DIVP1Freq_Value=72000000
ProjectManager.BackupPrevious=false
RCC.FMCFreq_Value=100000000
RCC.DFSDM2ACLkFreq_Value=72000000
PB5.Mode=Device_HS
RCC.USART16Freq_Value=72000000
File.Version=6
AL94.I-CUBE-USBD-COMPOSITE.1.0.1.CompositeCcUSBJjCOMPOSITEJjCDCIiACM=true
PB7.Signal=USART1_RX
PA8.Signal=RCC_MCO_1
NVIC.PendSV_IRQn=true\:0\:0\:false\:false\:true\:false\:false
USB_OTG_HS.IPParameters=VirtualMode-Device_HS
AL94.I-CUBE-USBD-COMPOSITE.1.0.1._USBD_USE_UVC=true
RCC.DIVR2Freq_Value=100000000
AL94.I-CUBE-USBD-COMPOSITE.1.0.1.CompositeCcUSBJjCOMPOSITEJjDFU=true
AL94.I-CUBE-USBD-COMPOSITE.1.0.1.CompositeCcUSBJjCOMPOSITEJjCDCIiRNDIS=true
ProjectManager.HalAssertFull=false
RCC.DIVP2Freq_Value=200000000
ProjectManager.ProjectName=USBD_Test
RCC.APB3Freq_Value=72000000
PH1-OSC_OUT.Mode=HSE-External-Oscillator
RCC.MCO2PinFreq_Value=72000000
AL94.I-CUBE-USBD-COMPOSITE.1.0.1.CompositeCcUSBJjCOMPOSITEJjUACIiSPKR=true
Mcu.Package=TFBGA225
PB1.Signal=USB_OTG_HS_ULPI_D2
PB12.Mode=Device_HS
RCC.PLL3FRACN=0
AL94.I-CUBE-USBD-COMPOSITE.1.0.1_SwParameter=CompositeCcUSBJjCOMPOSITEJjHIDIiCUSTOM\:true;CompositeCcUSBJjCOMPOSITEJjMSCIiBOT\:true;CompositeCcUSBJjCOMPOSITEJjCOMPOSITE\:true;CompositeCcUSBJjCOMPOSITEJjUACIiSPKR\:true;CompositeCcUSBJjCOMPOSITEJjUACIiMIC\:true;CompositeCcUSBJjCOMPOSITEJjHIDIiMOUSE\:true;CompositeCcUSBJjCOMPOSITEJjDFU\:true;CompositeCcUSBJjCOMPOSITEJjHIDIiKEYBOARD\:true;CompositeCcUSBJjCOMPOSITEJjCore\:true;CompositeCcUSBJjCOMPOSITEJjCDCIiECM\:true;CompositeCcUSBJjCOMPOSITEJjCDCIiRNDIS\:true;CompositeCcUSBJjCOMPOSITEJjCDCIiACM\:true;CompositeCcUSBJjCOMPOSITEJjUVC\:true;CompositeCcUSBJjCOMPOSITEJjPRINTER\:true;
RCC.SDMMC1CLockSelection=RCC_SDMMCCLKSOURCE_PLL2
ProjectManager.ToolChainLocation=
VP_SYS_VS_Systick.Signal=SYS_VS_Systick
RCC.DFSDMFreq_Value=72000000
RCC.DIVR1Freq_Value=36000000
AL94.I-CUBE-USBD-COMPOSITE.1.0.1._USBD_USE_CDC_ECM=true
RCC.TraceFreq_Value=64000000
RCC.APB4Freq_Value=72000000
RCC.CECFreq_Value=32000
NVIC.BusFault_IRQn=true\:0\:0\:false\:false\:true\:false\:false
RCC.LPUART1Freq_Value=72000000
PB13.Mode=Device_HS
PI11.Signal=USB_OTG_HS_ULPI_DIR
AL94.I-CUBE-USBD-COMPOSITE.1.0.1.CompositeCcUSBJjCOMPOSITEJjHIDIiMOUSE=true
ProjectManager.CustomerFirmwarePackage=
RCC.SupplySource=PWR_DIRECT_SMPS_SUPPLY
RCC.Tim2OutputFreq_Value=72000000
RCC.DFSDMACLkFreq_Value=48000000
AL94.I-CUBE-USBD-COMPOSITE.1.0.1._USBD_USE_DFU=true
RCC.VCO3OutputFreq_Value=192000000
PA3.Signal=USB_OTG_HS_ULPI_D0
PA5.Mode=Device_HS
RCC.PLLSourceVirtual=RCC_PLLSOURCE_HSE
ProjectManager.ProjectFileName=USBD_Test.ioc
RCC.DIVQ1=3
AL94.I-CUBE-USBD-COMPOSITE.1.0.1.CompositeCcUSBJjCOMPOSITEJjCOMPOSITE=true
Mcu.PinsNb=19
ProjectManager.NoMain=false
RCC.SWPMI1Freq_Value=72000000
RCC.DIVP3=17
ProjectManager.DefaultFWLocation=true
ProjectManager.DeletePrevious=true
PC0.Signal=USB_OTG_HS_ULPI_STP
VP_AL94.I-CUBE-USBD-COMPOSITE_VS_USBJjComposite_1.0.0_1.0.1.Signal=AL94.I-CUBE-USBD-COMPOSITE_VS_USBJjComposite_1.0.0_1.0.1
RCC.QSPIFreq_Value=100000000
boardIOC=true
RCC.PWR_Regulator_Voltage_Scale=PWR_REGULATOR_VOLTAGE_SCALE0
PinOutPanel.CurrentBGAView=Top
RCC.FamilyName=M
PC0.Mode=Device_HS
RCC.SPI6Freq_Value=72000000
USART1.VirtualMode-Asynchronous=VM_ASYNC
PA3.Mode=Device_HS
RCC.USART234578Freq_Value=72000000
RCC.SPI45Freq_Value=72000000
RCC.Tim1OutputFreq_Value=72000000
PH4.Signal=USB_OTG_HS_ULPI_NXT
RCC.SPI123Freq_Value=64000000
PB11.Mode=Device_HS
ProjectManager.TargetToolchain=STM32CubeIDE
AL94.I-CUBE-USBD-COMPOSITE.1.0.1._USBD_USE_UAC_MIC=true
RCC.VCO1OutputFreq_Value=144000000
AL94.I-CUBE-USBD-COMPOSITE.1.0.1.CompositeCcUSBJjCOMPOSITEJjUVC=true
RCC.DIVN3=192
RCC.DIVN2=200
RCC.AXIClockFreq_Value=72000000
RCC.DIVN1=12
ProjectManager.RegisterCallBack=
RCC.USBFreq_Value=48000000
RCC.CKPERFreq_Value=64000000
PB10.Signal=USB_OTG_HS_ULPI_D3
PA5.Signal=USB_OTG_HS_ULPI_CK
PB0.Mode=Device_HS
board=STM32H7B3I-DK
ProjectManager.LastFirmware=true
RCC.VCOInput1Freq_Value=12000000
RCC.AHB12Freq_Value=72000000
RCC.APB2Freq_Value=72000000
MxCube.Version=6.2.1
RCC.FMCCLockSelection=RCC_FMCCLKSOURCE_PLL2
RCC.FDCANFreq_Value=48000000
RCC.RNGFreq_Value=48000000
RCC.ADCFreq_Value=200000000
VP_SYS_VS_Systick.Mode=SysTick
PH1-OSC_OUT.Signal=RCC_OSC_OUT
AL94.I-CUBE-USBD-COMPOSITE.1.0.1.CompositeCcUSBJjCOMPOSITEJjCDCIiECM=true
NVIC.NonMaskableInt_IRQn=true\:0\:0\:false\:false\:true\:false\:false
AL94.I-CUBE-USBD-COMPOSITE.1.0.1._USBD_USE_HID_CUSTOM=true
AL94.I-CUBE-USBD-COMPOSITE.1.0.1._USBD_USE_HID_MOUSE=true
ProjectManager.FreePins=false
AL94.I-CUBE-USBD-COMPOSITE.1.0.1._USBD_USE_HID_KEYBOARD=true
RCC.IPParameters=ADCFreq_Value,AHB12Freq_Value,AHB4Freq_Value,APB1Freq_Value,APB2Freq_Value,APB3Freq_Value,APB4Freq_Value,AXIClockFreq_Value,CDCPREFreq_Value,CECFreq_Value,CKPERFreq_Value,CortexFreq_Value,CpuClockFreq_Value,DFSDM2ACLkFreq_Value,DFSDM2Freq_Value,DFSDMACLkFreq_Value,DFSDMFreq_Value,DIVM1,DIVM2,DIVM3,DIVN1,DIVN2,DIVN3,DIVP1Freq_Value,DIVP2Freq_Value,DIVP3,DIVP3Freq_Value,DIVQ1,DIVQ1Freq_Value,DIVQ2Freq_Value,DIVQ3Freq_Value,DIVR1,DIVR1Freq_Value,DIVR2,DIVR2Freq_Value,DIVR3Freq_Value,FDCANFreq_Value,FMCCLockSelection,FMCFreq_Value,FamilyName,HCLK3ClockFreq_Value,HCLKFreq_Value,I2C123Freq_Value,I2C4Freq_Value,LPTIM1Freq_Value,LPTIM2Freq_Value,LPTIM345Freq_Value,LPUART1Freq_Value,LTDCFreq_Value,MCO1PinFreq_Value,MCO2PinFreq_Value,PLL2FRACN,PLL3FRACN,PLLFRACN,PLLSourceVirtual,PWR_Regulator_Voltage_Scale,QSPICLockSelection,QSPIFreq_Value,RCC_MCO1Source,RNGFreq_Value,RTCClockSelection,RTCFreq_Value,SAI1Freq_Value,SAI2AFreq_Value,SAI2BFreq_Value,SDMMC1CLockSelection,SDMMCFreq_Value,SPDIFRXFreq_Value,SPI123CLockSelection,SPI123Freq_Value,SPI45Freq_Value,SPI6Freq_Value,SWPMI1Freq_Value,SYSCLKFreq_VALUE,SYSCLKSource,SupplySource,Tim1OutputFreq_Value,Tim2OutputFreq_Value,TraceFreq_Value,USART16Freq_Value,USART234578Freq_Value,USBFreq_Value,VCO1OutputFreq_Value,VCO2OutputFreq_Value,VCO3OutputFreq_Value,VCOInput1Freq_Value,VCOInput2Freq_Value,VCOInput3Freq_Value
ProjectManager.AskForMigrate=true
Mcu.Name=STM32H7B3LIHxQ
RCC.LPTIM2Freq_Value=72000000
PH4.Mode=Device_HS
ProjectManager.UnderRoot=true
ProjectManager.CoupleFile=true
RCC.SYSCLKFreq_VALUE=72000000
PB5.Signal=USB_OTG_HS_ULPI_D7
RCC.I2C123Freq_Value=72000000
AL94.I-CUBE-USBD-COMPOSITE.1.0.1._USBD_USE_CDC_RNDIS=true
NVIC.ForceEnableDMAVector=true
KeepUserPlacement=false
AL94.I-CUBE-USBD-COMPOSITE.1.0.1.CompositeCcUSBJjCOMPOSITEJjHIDIiCUSTOM=true
NVIC.MemoryManagement_IRQn=true\:0\:0\:false\:false\:true\:false\:false
ProjectManager.CompilerOptimize=6
RCC.QSPICLockSelection=RCC_OSPICLKSOURCE_PLL2
PB7.Mode=Asynchronous
ProjectManager.HeapSize=0x200
Mcu.Pin15=PA3
NVIC.HardFault_IRQn=true\:0\:0\:false\:false\:true\:false\:false
Mcu.Pin16=PB10
PB1.Mode=Device_HS
Mcu.Pin13=PB0
Mcu.Pin14=PB11
RCC.LPTIM345Freq_Value=72000000
ProjectManager.ComputerToolchain=false
Mcu.Pin17=VP_SYS_VS_Systick
Mcu.Pin18=VP_AL94.I-CUBE-USBD-COMPOSITE_VS_USBJjComposite_1.0.0_1.0.1
RCC.LTDCFreq_Value=96000000
NVIC.PriorityGroup=NVIC_PRIORITYGROUP_4
AL94.I-CUBE-USBD-COMPOSITE.1.0.1._USBD_USE_CDC_ACM=true
Mcu.Pin11=PA5
Mcu.Pin12=PB12
Mcu.Pin10=PB13
RCC.DIVQ1Freq_Value=48000000
PA8.Mode=Clock-out-1
RCC.HCLK3ClockFreq_Value=72000000
RCC.VCOInput2Freq_Value=2000000
RCC.APB1Freq_Value=72000000
RCC.DIVR2=4
RCC.DIVR1=4
PB0.Signal=USB_OTG_HS_ULPI_D1
RCC.SAI2AFreq_Value=48000000
AL94.I-CUBE-USBD-COMPOSITE.1.0.1.IPParameters=CompositeCcUSBJjCOMPOSITEJjCore,CompositeCcUSBJjCOMPOSITEJjCDCIiACM,CompositeCcUSBJjCOMPOSITEJjCDCIiRNDIS,CompositeCcUSBJjCOMPOSITEJjHIDIiMOUSE,CompositeCcUSBJjCOMPOSITEJjHIDIiKEYBOARD,CompositeCcUSBJjCOMPOSITEJjHIDIiCUSTOM,CompositeCcUSBJjCOMPOSITEJjMSCIiBOT,CompositeCcUSBJjCOMPOSITEJjUACIiMIC,CompositeCcUSBJjCOMPOSITEJjUACIiSPKR,CompositeCcUSBJjCOMPOSITEJjUVC,CompositeCcUSBJjCOMPOSITEJjDFU,CompositeCcUSBJjCOMPOSITEJjCDCIiECM,CompositeCcUSBJjCOMPOSITEJjCOMPOSITE,CompositeCcUSBJjCOMPOSITEJjPRINTER,_USBD_USE_HS,_USBD_USE_CDC_ACM,_USBD_USE_CDC_RNDIS,_USBD_USE_CDC_ECM,_USBD_USE_HID_MOUSE,_USBD_USE_HID_KEYBOARD,_USBD_USE_HID_CUSTOM,_USBD_USE_UAC_MIC,_USBD_USE_UAC_SPKR,_USBD_USE_UVC,_USBD_USE_MSC,_USBD_USE_DFU,_USBD_USE_PRNTR
ProjectManager.DeviceId=STM32H7B3LIHxQ
PB12.Signal=USB_OTG_HS_ULPI_D5
AL94.I-CUBE-USBD-COMPOSITE.1.0.1.CompositeCcUSBJjCOMPOSITEJjPRINTER=true
ProjectManager.LibraryCopy=1
isbadioc=false
