#MicroXplorer Configuration settings - do not modify
AL94.I-CUBE-USBD-COMPOSITE.1.0.3.CompositeCcUSBJjCOMPOSITEJjCDCIiACM=true
AL94.I-CUBE-USBD-COMPOSITE.1.0.3.CompositeCcUSBJjCOMPOSITEJjCDCIiECM=true
AL94.I-CUBE-USBD-COMPOSITE.1.0.3.CompositeCcUSBJjCOMPOSITEJjCDCIiRNDIS=true
AL94.I-CUBE-USBD-COMPOSITE.1.0.3.CompositeCcUSBJjCOMPOSITEJjCOMPOSITE=true
AL94.I-CUBE-USBD-COMPOSITE.1.0.3.CompositeCcUSBJjCOMPOSITEJjCore=true
AL94.I-CUBE-USBD-COMPOSITE.1.0.3.CompositeCcUSBJjCOMPOSITEJjDFU=true
AL94.I-CUBE-USBD-COMPOSITE.1.0.3.CompositeCcUSBJjCOMPOSITEJjHIDIiCUSTOM=true
AL94.I-CUBE-USBD-COMPOSITE.1.0.3.CompositeCcUSBJjCOMPOSITEJjHIDIiKEYBOARD=true
AL94.I-CUBE-USBD-COMPOSITE.1.0.3.CompositeCcUSBJjCOMPOSITEJjHIDIiMOUSE=true
AL94.I-CUBE-USBD-COMPOSITE.1.0.3.CompositeCcUSBJjCOMPOSITEJjMSCIiBOT=true
AL94.I-CUBE-USBD-COMPOSITE.1.0.3.CompositeCcUSBJjCOMPOSITEJjPRINTER=true
AL94.I-CUBE-USBD-COMPOSITE.1.0.3.CompositeCcUSBJjCOMPOSITEJjUACIiMIC=true
AL94.I-CUBE-USBD-COMPOSITE.1.0.3.CompositeCcUSBJjCOMPOSITEJjUACIiSPKR=true
AL94.I-CUBE-USBD-COMPOSITE.1.0.3.CompositeCcUSBJjCOMPOSITEJjUVC=true
AL94.I-CUBE-USBD-COMPOSITE.1.0.3.IPParameters=_USBD_USE_HS,_USBD_USE_CDC_ACM,_USBD_USE_CDC_RNDIS,_USBD_USE_CDC_ECM,_USBD_USE_HID_MOUSE,_USBD_USE_HID_KEYBOARD,_USBD_USE_HID_CUSTOM,_USBD_USE_UAC_MIC,_USBD_USE_UAC_SPKR,_USBD_USE_UVC,_USBD_USE_MSC,_USBD_USE_DFU,_USBD_USE_PRNTR,CompositeCcUSBJjCOMPOSITEJjCore,CompositeCcUSBJjCOMPOSITEJjCDCIiACM,CompositeCcUSBJjCOMPOSITEJjCDCIiRNDIS,CompositeCcUSBJjCOMPOSITEJjHIDIiMOUSE,CompositeCcUSBJjCOMPOSITEJjHIDIiKEYBOARD,CompositeCcUSBJjCOMPOSITEJjHIDIiCUSTOM,CompositeCcUSBJjCOMPOSITEJjMSCIiBOT,CompositeCcUSBJjCOMPOSITEJjUACIiMIC,CompositeCcUSBJjCOMPOSITEJjUACIiSPKR,CompositeCcUSBJjCOMPOSITEJjUVC,CompositeCcUSBJjCOMPOSITEJjDFU,CompositeCcUSBJjCOMPOSITEJjCDCIiECM,CompositeCcUSBJjCOMPOSITEJjCOMPOSITE,CompositeCcUSBJjCOMPOSITEJjPRINTER
AL94.I-CUBE-USBD-COMPOSITE.1.0.3.USBJjComposite_Checked=true
AL94.I-CUBE-USBD-COMPOSITE.1.0.3._USBD_USE_CDC_ACM=true
AL94.I-CUBE-USBD-COMPOSITE.1.0.3._USBD_USE_CDC_ECM=true
AL94.I-CUBE-USBD-COMPOSITE.1.0.3._USBD_USE_CDC_RNDIS=true
AL94.I-CUBE-USBD-COMPOSITE.1.0.3._USBD_USE_DFU=true
AL94.I-CUBE-USBD-COMPOSITE.1.0.3._USBD_USE_HID_CUSTOM=true
AL94.I-CUBE-USBD-COMPOSITE.1.0.3._USBD_USE_HID_KEYBOARD=true
AL94.I-CUBE-USBD-COMPOSITE.1.0.3._USBD_USE_HID_MOUSE=true
AL94.I-CUBE-USBD-COMPOSITE.1.0.3._USBD_USE_HS=true
AL94.I-CUBE-USBD-COMPOSITE.1.0.3._USBD_USE_MSC=true
AL94.I-CUBE-USBD-COMPOSITE.1.0.3._USBD_USE_PRNTR=true
AL94.I-CUBE-USBD-COMPOSITE.1.0.3._USBD_USE_UAC_MIC=true
AL94.I-CUBE-USBD-COMPOSITE.1.0.3._USBD_USE_UAC_SPKR=true
AL94.I-CUBE-USBD-COMPOSITE.1.0.3._USBD_USE_UVC=true
AL94.I-CUBE-USBD-COMPOSITE.1.0.3_SwParameter=CompositeCcUSBJjCOMPOSITEJjHIDIiCUSTOM\:true;CompositeCcUSBJjCOMPOSITEJjMSCIiBOT\:true;CompositeCcUSBJjCOMPOSITEJjCOMPOSITE\:true;CompositeCcUSBJjCOMPOSITEJjUACIiSPKR\:true;CompositeCcUSBJjCOMPOSITEJjUACIiMIC\:true;CompositeCcUSBJjCOMPOSITEJjHIDIiMOUSE\:true;CompositeCcUSBJjCOMPOSITEJjDFU\:true;CompositeCcUSBJjCOMPOSITEJjHIDIiKEYBOARD\:true;CompositeCcUSBJjCOMPOSITEJjCore\:true;CompositeCcUSBJjCOMPOSITEJjCDCIiECM\:true;CompositeCcUSBJjCOMPOSITEJjCDCIiRNDIS\:true;CompositeCcUSBJjCOMPOSITEJjCDCIiACM\:true;CompositeCcUSBJjCOMPOSITEJjUVC\:true;CompositeCcUSBJjCOMPOSITEJjPRINTER\:true;
File.Version=6
GPIO.groupedBy=Group By Peripherals
KeepUserPlacement=false
Mcu.Family=STM32H7
Mcu.IP0=CORTEX_M7
Mcu.IP1=NVIC
Mcu.IP2=RCC
Mcu.IP3=SYS
Mcu.IP4=USART1
Mcu.IP5=USB_OTG_HS
Mcu.IPNb=6
Mcu.Name=STM32H7B3LIHxQ
Mcu.Package=TFBGA225
Mcu.Pin0=PB6
Mcu.Pin1=PB7
Mcu.Pin10=PB13
Mcu.Pin11=PA5
Mcu.Pin12=PB12
Mcu.Pin13=PB0
Mcu.Pin14=PB11
Mcu.Pin15=PA3
Mcu.Pin16=PB10
Mcu.Pin17=VP_SYS_VS_Systick
Mcu.Pin18=VP_AL94.I-CUBE-USBD-COMPOSITE_VS_USBJjComposite_1.0.0_1.0.3
Mcu.Pin2=PB5
Mcu.Pin3=PI11
Mcu.Pin4=PA8
Mcu.Pin5=PH0-OSC_IN
Mcu.Pin6=PH1-OSC_OUT
Mcu.Pin7=PC0
Mcu.Pin8=PB1
Mcu.Pin9=PH4
Mcu.PinsNb=19
Mcu.ThirdParty0=AL94.I-CUBE-USBD-COMPOSITE.1.0.3
Mcu.ThirdPartyNb=1
Mcu.UserConstants=
Mcu.UserName=STM32H7B3LIHxQ
MxCube.Version=6.4.0
MxDb.Version=DB.6.0.40
NVIC.BusFault_IRQn=true\:0\:0\:false\:false\:true\:false\:false
NVIC.DebugMonitor_IRQn=true\:0\:0\:false\:false\:true\:false\:false
NVIC.ForceEnableDMAVector=true
NVIC.HardFault_IRQn=true\:0\:0\:false\:false\:true\:false\:false
NVIC.MemoryManagement_IRQn=true\:0\:0\:false\:false\:true\:false\:false
NVIC.NonMaskableInt_IRQn=true\:0\:0\:false\:false\:true\:false\:false
NVIC.OTG_HS_IRQn=true\:0\:0\:false\:false\:true\:true\:true
NVIC.PendSV_IRQn=true\:0\:0\:false\:false\:true\:false\:false
NVIC.PriorityGroup=NVIC_PRIORITYGROUP_4
NVIC.SVCall_IRQn=true\:0\:0\:false\:false\:true\:false\:false
NVIC.SysTick_IRQn=true\:0\:0\:false\:false\:true\:false\:true
NVIC.UsageFault_IRQn=true\:0\:0\:false\:false\:true\:false\:false
PA3.Mode=Device_HS
PA3.Signal=USB_OTG_HS_ULPI_D0
PA5.Mode=Device_HS
PA5.Signal=USB_OTG_HS_ULPI_CK
PA8.Mode=Clock-out-1
PA8.Signal=RCC_MCO_1
PB0.Mode=Device_HS
PB0.Signal=USB_OTG_HS_ULPI_D1
PB1.Mode=Device_HS
PB1.Signal=USB_OTG_HS_ULPI_D2
PB10.Mode=Device_HS
PB10.Signal=USB_OTG_HS_ULPI_D3
PB11.Mode=Device_HS
PB11.Signal=USB_OTG_HS_ULPI_D4
PB12.Mode=Device_HS
PB12.Signal=USB_OTG_HS_ULPI_D5
PB13.Mode=Device_HS
PB13.Signal=USB_OTG_HS_ULPI_D6
PB5.Mode=Device_HS
PB5.Signal=USB_OTG_HS_ULPI_D7
PB6.Mode=Asynchronous
PB6.Signal=USART1_TX
PB7.Mode=Asynchronous
PB7.Signal=USART1_RX
PC0.Mode=Device_HS
PC0.Signal=USB_OTG_HS_ULPI_STP
PH0-OSC_IN.Mode=HSE-External-Oscillator
PH0-OSC_IN.Signal=RCC_OSC_IN
PH1-OSC_OUT.Mode=HSE-External-Oscillator
PH1-OSC_OUT.Signal=RCC_OSC_OUT
PH4.Mode=Device_HS
PH4.Signal=USB_OTG_HS_ULPI_NXT
PI11.Mode=Device_HS
PI11.Signal=USB_OTG_HS_ULPI_DIR
PinOutPanel.CurrentBGAView=Top
PinOutPanel.RotationAngle=0
ProjectManager.AskForMigrate=true
ProjectManager.BackupPrevious=false
ProjectManager.CompilerOptimize=6
ProjectManager.ComputerToolchain=false
ProjectManager.CoupleFile=true
ProjectManager.CustomerFirmwarePackage=
ProjectManager.DefaultFWLocation=true
ProjectManager.DeletePrevious=true
ProjectManager.DeviceId=STM32H7B3LIHxQ
ProjectManager.FirmwarePackage=STM32Cube FW_H7 V1.9.1
ProjectManager.FreePins=false
ProjectManager.HalAssertFull=false
ProjectManager.HeapSize=0x200
ProjectManager.KeepUserCode=true
ProjectManager.LastFirmware=true
ProjectManager.LibraryCopy=1
ProjectManager.MainLocation=Core/Src
ProjectManager.NoMain=false
ProjectManager.PreviousToolchain=
ProjectManager.ProjectBuild=false
ProjectManager.ProjectFileName=USBD_Test.ioc
ProjectManager.ProjectName=USBD_Test
ProjectManager.RegisterCallBack=
ProjectManager.StackSize=0x400
ProjectManager.TargetToolchain=STM32CubeIDE
ProjectManager.ToolChainLocation=
ProjectManager.UnderRoot=true
ProjectManager.functionlistsort=1-MX_GPIO_Init-GPIO-false-HAL-true,2-SystemClock_Config-RCC-false-HAL-false,3-MX_USB_OTG_HS_PCD_Init-USB_OTG_HS-false-HAL-true,4-MX_USART1_UART_Init-USART1-false-HAL-true,0-MX_CORTEX_M7_Init-CORTEX_M7-false-HAL-true
RCC.ADCFreq_Value=200000000
RCC.AHB12Freq_Value=72000000
RCC.AHB4Freq_Value=72000000
RCC.APB1Freq_Value=72000000
RCC.APB2Freq_Value=72000000
RCC.APB3Freq_Value=72000000
RCC.APB4Freq_Value=72000000
RCC.AXIClockFreq_Value=72000000
RCC.CDCPREFreq_Value=72000000
RCC.CECFreq_Value=32000
RCC.CKPERFreq_Value=64000000
RCC.CortexFreq_Value=72000000
RCC.CpuClockFreq_Value=72000000
RCC.DFSDM2ACLkFreq_Value=72000000
RCC.DFSDM2Freq_Value=72000000
RCC.DFSDMACLkFreq_Value=48000000
RCC.DFSDMFreq_Value=72000000
RCC.DIVM1=2
RCC.DIVM2=12
RCC.DIVM3=24
RCC.DIVN1=12
RCC.DIVN2=200
RCC.DIVN3=192
RCC.DIVP1Freq_Value=72000000
RCC.DIVP2Freq_Value=200000000
RCC.DIVP3=17
RCC.DIVP3Freq_Value=11294117.647058824
RCC.DIVQ1=3
RCC.DIVQ1Freq_Value=48000000
RCC.DIVQ2Freq_Value=200000000
RCC.DIVQ3Freq_Value=96000000
RCC.DIVR1=4
RCC.DIVR1Freq_Value=36000000
RCC.DIVR2=4
RCC.DIVR2Freq_Value=100000000
RCC.DIVR3Freq_Value=96000000
RCC.FDCANFreq_Value=48000000
RCC.FMCCLockSelection=RCC_FMCCLKSOURCE_PLL2
RCC.FMCFreq_Value=100000000
RCC.FamilyName=M
RCC.HCLK3ClockFreq_Value=72000000
RCC.HCLKFreq_Value=72000000
RCC.I2C123Freq_Value=72000000
RCC.I2C4Freq_Value=72000000
RCC.IPParameters=ADCFreq_Value,AHB12Freq_Value,AHB4Freq_Value,APB1Freq_Value,APB2Freq_Value,APB3Freq_Value,APB4Freq_Value,AXIClockFreq_Value,CDCPREFreq_Value,CECFreq_Value,CKPERFreq_Value,CortexFreq_Value,CpuClockFreq_Value,DFSDM2ACLkFreq_Value,DFSDM2Freq_Value,DFSDMACLkFreq_Value,DFSDMFreq_Value,DIVM1,DIVM2,DIVM3,DIVN1,DIVN2,DIVN3,DIVP1Freq_Value,DIVP2Freq_Value,DIVP3,DIVP3Freq_Value,DIVQ1,DIVQ1Freq_Value,DIVQ2Freq_Value,DIVQ3Freq_Value,DIVR1,DIVR1Freq_Value,DIVR2,DIVR2Freq_Value,DIVR3Freq_Value,FDCANFreq_Value,FMCCLockSelection,FMCFreq_Value,FamilyName,HCLK3ClockFreq_Value,HCLKFreq_Value,I2C123Freq_Value,I2C4Freq_Value,LPTIM1Freq_Value,LPTIM2Freq_Value,LPTIM345Freq_Value,LPUART1Freq_Value,LTDCFreq_Value,MCO1PinFreq_Value,MCO2PinFreq_Value,PLL2FRACN,PLL3FRACN,PLLFRACN,PLLSourceVirtual,PWR_Regulator_Voltage_Scale,QSPICLockSelection,QSPIFreq_Value,RCC_MCO1Source,RNGFreq_Value,RTCClockSelection,RTCFreq_Value,SAI1Freq_Value,SAI2AFreq_Value,SAI2BFreq_Value,SDMMC1CLockSelection,SDMMCFreq_Value,SPDIFRXFreq_Value,SPI123CLockSelection,SPI123Freq_Value,SPI45Freq_Value,SPI6Freq_Value,SWPMI1Freq_Value,SYSCLKFreq_VALUE,SYSCLKSource,SupplySource,Tim1OutputFreq_Value,Tim2OutputFreq_Value,TraceFreq_Value,USART16Freq_Value,USART234578Freq_Value,USBFreq_Value,VCO1OutputFreq_Value,VCO2OutputFreq_Value,VCO3OutputFreq_Value,VCOInput1Freq_Value,VCOInput2Freq_Value,VCOInput3Freq_Value
RCC.LPTIM1Freq_Value=72000000
RCC.LPTIM2Freq_Value=72000000
RCC.LPTIM345Freq_Value=72000000
RCC.LPUART1Freq_Value=72000000
RCC.LTDCFreq_Value=96000000
RCC.MCO1PinFreq_Value=24000000
RCC.MCO2PinFreq_Value=72000000
RCC.PLL2FRACN=0
RCC.PLL3FRACN=0
RCC.PLLFRACN=0
RCC.PLLSourceVirtual=RCC_PLLSOURCE_HSE
RCC.PWR_Regulator_Voltage_Scale=PWR_REGULATOR_VOLTAGE_SCALE0
RCC.QSPICLockSelection=RCC_OSPICLKSOURCE_PLL2
RCC.QSPIFreq_Value=100000000
RCC.RCC_MCO1Source=RCC_MCO1SOURCE_HSE
RCC.RNGFreq_Value=48000000
RCC.RTCClockSelection=RCC_RTCCLKSOURCE_LSE
RCC.RTCFreq_Value=32768
RCC.SAI1Freq_Value=48000000
RCC.SAI2AFreq_Value=48000000
RCC.SAI2BFreq_Value=48000000
RCC.SDMMC1CLockSelection=RCC_SDMMCCLKSOURCE_PLL2
RCC.SDMMCFreq_Value=100000000
RCC.SPDIFRXFreq_Value=48000000
RCC.SPI123CLockSelection=RCC_SPI123CLKSOURCE_CLKP
RCC.SPI123Freq_Value=64000000
RCC.SPI45Freq_Value=72000000
RCC.SPI6Freq_Value=72000000
RCC.SWPMI1Freq_Value=72000000
RCC.SYSCLKFreq_VALUE=72000000
RCC.SYSCLKSource=RCC_SYSCLKSOURCE_PLLCLK
RCC.SupplySource=PWR_DIRECT_SMPS_SUPPLY
RCC.Tim1OutputFreq_Value=72000000
RCC.Tim2OutputFreq_Value=72000000
RCC.TraceFreq_Value=64000000
RCC.USART16Freq_Value=72000000
RCC.USART234578Freq_Value=72000000
RCC.USBFreq_Value=48000000
RCC.VCO1OutputFreq_Value=144000000
RCC.VCO2OutputFreq_Value=400000000
RCC.VCO3OutputFreq_Value=192000000
RCC.VCOInput1Freq_Value=12000000
RCC.VCOInput2Freq_Value=2000000
RCC.VCOInput3Freq_Value=1000000
USART1.IPParameters=VirtualMode-Asynchronous
USART1.VirtualMode-Asynchronous=VM_ASYNC
USB_OTG_HS.IPParameters=VirtualMode-Device_HS
USB_OTG_HS.VirtualMode-Device_HS=Device_HS
VP_AL94.I-CUBE-USBD-COMPOSITE_VS_USBJjComposite_1.0.0_1.0.3.Mode=USBJjComposite
VP_AL94.I-CUBE-USBD-COMPOSITE_VS_USBJjComposite_1.0.0_1.0.3.Signal=AL94.I-CUBE-USBD-COMPOSITE_VS_USBJjComposite_1.0.0_1.0.3
VP_SYS_VS_Systick.Mode=SysTick
VP_SYS_VS_Systick.Signal=SYS_VS_Systick
board=STM32H7B3I-DK
boardIOC=true
isbadioc=false
